
Microsoft Visual Studio Solution File, Format Version 12.00
# Visual Studio Version 17
VisualStudioVersion = 17.13.35919.96 d17.13
MinimumVisualStudioVersion = 10.0.40219.1
Project("{2150E333-8FDC-42A3-9474-1A3956D46DE8}") = "Microservices", "Microservices", "{02EA681E-C7D8-13C7-8484-4AC65E1B71E8}"
EndProject
Project("{2150E333-8FDC-42A3-9474-1A3956D46DE8}") = "APIGateway", "APIGateway", "{73044EE9-8A55-405E-A3BA-E914A08B0471}"
EndProject
Project("{FAE04EC0-301F-11D3-BF4B-00C04F79EFBC}") = "APIGateway", "..\APIGateway\APIGateway.csproj", "{3220E15F-18AD-4917-9D2D-160C488BEF3A}"
EndProject
Project("{FAE04EC0-301F-11D3-BF4B-00C04F79EFBC}") = "ArtworkService", "..\ArtworkService\ArtworkService.csproj", "{0F736D61-9A97-4049-B007-5CFDBFDD3729}"
EndProject
Project("{FAE04EC0-301F-11D3-BF4B-00C04F79EFBC}") = "ArtistService", "..\ArtistService\ArtistService.csproj", "{2A647FA3-8752-40E9-8648-7085D9D41B66}"
EndProject
Project("{FAE04EC0-301F-11D3-BF4B-00C04F79EFBC}") = "SaleService", "..\SaleService\SaleService.csproj", "{80B2418D-42F6-4598-BEFB-1B9F133F4ED9}"
EndProject
Project("{FAE04EC0-301F-11D3-BF4B-00C04F79EFBC}") = "UserService", "..\UserService\UserService.csproj", "{0852637A-104C-42E0-8291-20E83B5C7B0C}"
EndProject
Global
	GlobalSection(SolutionConfigurationPlatforms) = preSolution
		Debug|Any CPU = Debug|Any CPU
		Release|Any CPU = Release|Any CPU
	EndGlobalSection
	GlobalSection(ProjectConfigurationPlatforms) = postSolution
		{3220E15F-18AD-4917-9D2D-160C488BEF3A}.Debug|Any CPU.ActiveCfg = Debug|Any CPU
		{3220E15F-18AD-4917-9D2D-160C488BEF3A}.Debug|Any CPU.Build.0 = Debug|Any CPU
		{3220E15F-18AD-4917-9D2D-160C488BEF3A}.Release|Any CPU.ActiveCfg = Release|Any CPU
		{3220E15F-18AD-4917-9D2D-160C488BEF3A}.Release|Any CPU.Build.0 = Release|Any CPU
		{0F736D61-9A97-4049-B007-5CFDBFDD3729}.Debug|Any CPU.ActiveCfg = Debug|Any CPU
		{0F736D61-9A97-4049-B007-5CFDBFDD3729}.Debug|Any CPU.Build.0 = Debug|Any CPU
		{0F736D61-9A97-4049-B007-5CFDBFDD3729}.Release|Any CPU.ActiveCfg = Release|Any CPU
		{0F736D61-9A97-4049-B007-5CFDBFDD3729}.Release|Any CPU.Build.0 = Release|Any CPU
		{2A647FA3-8752-40E9-8648-7085D9D41B66}.Debug|Any CPU.ActiveCfg = Debug|Any CPU
		{2A647FA3-8752-40E9-8648-7085D9D41B66}.Debug|Any CPU.Build.0 = Debug|Any CPU
		{2A647FA3-8752-40E9-8648-7085D9D41B66}.Release|Any CPU.ActiveCfg = Release|Any CPU
		{2A647FA3-8752-40E9-8648-7085D9D41B66}.Release|Any CPU.Build.0 = Release|Any CPU
		{80B2418D-42F6-4598-BEFB-1B9F133F4ED9}.Debug|Any CPU.ActiveCfg = Debug|Any CPU
		{80B2418D-42F6-4598-BEFB-1B9F133F4ED9}.Debug|Any CPU.Build.0 = Debug|Any CPU
		{80B2418D-42F6-4598-BEFB-1B9F133F4ED9}.Release|Any CPU.ActiveCfg = Release|Any CPU
		{80B2418D-42F6-4598-BEFB-1B9F133F4ED9}.Release|Any CPU.Build.0 = Release|Any CPU
		{0852637A-104C-42E0-8291-20E83B5C7B0C}.Debug|Any CPU.ActiveCfg = Debug|Any CPU
		{0852637A-104C-42E0-8291-20E83B5C7B0C}.Debug|Any CPU.Build.0 = Debug|Any CPU
		{0852637A-104C-42E0-8291-20E83B5C7B0C}.Release|Any CPU.ActiveCfg = Release|Any CPU
		{0852637A-104C-42E0-8291-20E83B5C7B0C}.Release|Any CPU.Build.0 = Release|Any CPU
	EndGlobalSection
	GlobalSection(SolutionProperties) = preSolution
		HideSolutionNode = FALSE
	EndGlobalSection
	GlobalSection(NestedProjects) = preSolution
		{3220E15F-18AD-4917-9D2D-160C488BEF3A} = {73044EE9-8A55-405E-A3BA-E914A08B0471}
		{0F736D61-9A97-4049-B007-5CFDBFDD3729} = {02EA681E-C7D8-13C7-8484-4AC65E1B71E8}
		{2A647FA3-8752-40E9-8648-7085D9D41B66} = {02EA681E-C7D8-13C7-8484-4AC65E1B71E8}
		{80B2418D-42F6-4598-BEFB-1B9F133F4ED9} = {02EA681E-C7D8-13C7-8484-4AC65E1B71E8}
		{0852637A-104C-42E0-8291-20E83B5C7B0C} = {02EA681E-C7D8-13C7-8484-4AC65E1B71E8}
	EndGlobalSection
	GlobalSection(ExtensibilityGlobals) = postSolution
		SolutionGuid = {95CFB92D-B550-4C96-AC6E-6E6CA284BED1}
	EndGlobalSection
EndGlobal
